
Microsoft Visual Studio Solution File, Format Version 12.00
# Visual Studio Version 17
VisualStudioVersion = 17.11.35327.3
MinimumVisualStudioVersion = 10.0.40219.1
Project("{FAE04EC0-301F-11D3-BF4B-00C04F79EFBC}") = "LibraryBookManagement", "LibraryBookManagement\LibraryBookManagement.csproj", "{7A5F1D4C-4E72-4326-B06C-43ACD05E4860}"
EndProject
Global
	GlobalSection(SolutionConfigurationPlatforms) = preSolution
		Debug|Any CPU = Debug|Any CPU
		Release|Any CPU = Release|Any CPU
	EndGlobalSection
	GlobalSection(ProjectConfigurationPlatforms) = postSolution
		{7A5F1D4C-4E72-4326-B06C-43ACD05E4860}.Debug|Any CPU.ActiveCfg = Debug|Any CPU
		{7A5F1D4C-4E72-4326-B06C-43ACD05E4860}.Debug|Any CPU.Build.0 = Debug|Any CPU
		{7A5F1D4C-4E72-4326-B06C-43ACD05E4860}.Release|Any CPU.ActiveCfg = Release|Any CPU
		{7A5F1D4C-4E72-4326-B06C-43ACD05E4860}.Release|Any CPU.Build.0 = Release|Any CPU
	EndGlobalSection
	GlobalSection(SolutionProperties) = preSolution
		HideSolutionNode = FALSE
	EndGlobalSection
	GlobalSection(ExtensibilityGlobals) = postSolution
		SolutionGuid = {E3672778-4B77-49FB-B8EF-6FD687D6633B}
	EndGlobalSection
EndGlobal
